
Microsoft Visual Studio Solution File, Format Version 12.00
# Visual Studio Version 16
VisualStudioVersion = 16.0.31005.135
MinimumVisualStudioVersion = 10.0.40219.1
Project("{FAE04EC0-301F-11D3-BF4B-00C04F79EFBC}") = "SueldosEmpleados", "SueldosEmpleados.csproj", "{99728FF8-D2F6-428A-BCAB-E2F6D0416936}"
EndProject
Global
	GlobalSection(SolutionConfigurationPlatforms) = preSolution
		Debug|Any CPU = Debug|Any CPU
		Release|Any CPU = Release|Any CPU
	EndGlobalSection
	GlobalSection(ProjectConfigurationPlatforms) = postSolution
		{99728FF8-D2F6-428A-BCAB-E2F6D0416936}.Debug|Any CPU.ActiveCfg = Debug|Any CPU
		{99728FF8-D2F6-428A-BCAB-E2F6D0416936}.Debug|Any CPU.Build.0 = Debug|Any CPU
		{99728FF8-D2F6-428A-BCAB-E2F6D0416936}.Release|Any CPU.ActiveCfg = Release|Any CPU
		{99728FF8-D2F6-428A-BCAB-E2F6D0416936}.Release|Any CPU.Build.0 = Release|Any CPU
	EndGlobalSection
	GlobalSection(SolutionProperties) = preSolution
		HideSolutionNode = FALSE
	EndGlobalSection
	GlobalSection(ExtensibilityGlobals) = postSolution
		SolutionGuid = {77B7B98D-6D43-47B0-BF9E-DEB044661A8D}
	EndGlobalSection
EndGlobal
